// !$*UTF8*$!
{
	archiveVersion = 1;
	classes = {
	};
	objectVersion = 46;
	objects = {

/* Begin PBXBuildFile section */
		FC119C681BBA6EFA0047E190 /* MediaPlayer.framework in Frameworks */ = {isa = PBXBuildFile; fileRef = FC119C671BBA6EFA0047E190 /* MediaPlayer.framework */; };
		FC33C3D11BB39B7A00D3818D /* AppDelegate.swift in Sources */ = {isa = PBXBuildFile; fileRef = FC33C3D01BB39B7A00D3818D /* AppDelegate.swift */; };
		FC33C3D31BB39B7A00D3818D /* ViewController.swift in Sources */ = {isa = PBXBuildFile; fileRef = FC33C3D21BB39B7A00D3818D /* ViewController.swift */; };
		FC33C3D61BB39B7A00D3818D /* Main.storyboard in Resources */ = {isa = PBXBuildFile; fileRef = FC33C3D41BB39B7A00D3818D /* Main.storyboard */; };
		FC33C3D81BB39B7B00D3818D /* Images.xcassets in Resources */ = {isa = PBXBuildFile; fileRef = FC33C3D71BB39B7B00D3818D /* Images.xcassets */; };
		FC33C3DB1BB39B7B00D3818D /* LaunchScreen.xib in Resources */ = {isa = PBXBuildFile; fileRef = FC33C3D91BB39B7B00D3818D /* LaunchScreen.xib */; };
		FC33C40C1BB39BA600D3818D /* Info.plist in Resources */ = {isa = PBXBuildFile; fileRef = FC33C3F21BB39BA600D3818D /* Info.plist */; };
		FC33C40D1BB39BA600D3818D /* MASCompositeConstraint.m in Sources */ = {isa = PBXBuildFile; fileRef = FC33C3F41BB39BA600D3818D /* MASCompositeConstraint.m */; };
		FC33C40E1BB39BA600D3818D /* MASConstraint.m in Sources */ = {isa = PBXBuildFile; fileRef = FC33C3F71BB39BA600D3818D /* MASConstraint.m */; };
		FC33C40F1BB39BA600D3818D /* MASConstraintMaker.m in Sources */ = {isa = PBXBuildFile; fileRef = FC33C3F91BB39BA600D3818D /* MASConstraintMaker.m */; };
		FC33C4101BB39BA600D3818D /* MASLayoutConstraint.m in Sources */ = {isa = PBXBuildFile; fileRef = FC33C3FB1BB39BA600D3818D /* MASLayoutConstraint.m */; };
		FC33C4111BB39BA600D3818D /* MASViewAttribute.m in Sources */ = {isa = PBXBuildFile; fileRef = FC33C3FF1BB39BA600D3818D /* MASViewAttribute.m */; };
		FC33C4121BB39BA600D3818D /* MASViewConstraint.m in Sources */ = {isa = PBXBuildFile; fileRef = FC33C4011BB39BA600D3818D /* MASViewConstraint.m */; };
		FC33C4131BB39BA600D3818D /* NSArray+MASAdditions.m in Sources */ = {isa = PBXBuildFile; fileRef = FC33C4031BB39BA600D3818D /* NSArray+MASAdditions.m */; };
		FC33C4141BB39BA600D3818D /* NSLayoutConstraint+MASDebugAdditions.m in Sources */ = {isa = PBXBuildFile; fileRef = FC33C4061BB39BA600D3818D /* NSLayoutConstraint+MASDebugAdditions.m */; };
		FC33C4151BB39BA600D3818D /* View+MASAdditions.m in Sources */ = {isa = PBXBuildFile; fileRef = FC33C4081BB39BA600D3818D /* View+MASAdditions.m */; };
		FC33C4161BB39BA600D3818D /* ViewController+MASAdditions.m in Sources */ = {isa = PBXBuildFile; fileRef = FC33C40B1BB39BA600D3818D /* ViewController+MASAdditions.m */; };
		FC33C4181BB39BB100D3818D /* song2.mp3 in Resources */ = {isa = PBXBuildFile; fileRef = FC33C4171BB39BB100D3818D /* song2.mp3 */; };
		FC33C41A1BB39D2C00D3818D /* SnowImageView.swift in Sources */ = {isa = PBXBuildFile; fileRef = FC33C4191BB39D2C00D3818D /* SnowImageView.swift */; };
		FC432E1D1BBA3B2F0077F0EC /* song1.mp3 in Resources */ = {isa = PBXBuildFile; fileRef = FC432E1C1BBA3B2F0077F0EC /* song1.mp3 */; };
		FC432E1F1BBA3B360077F0EC /* song3.mp3 in Resources */ = {isa = PBXBuildFile; fileRef = FC432E1E1BBA3B360077F0EC /* song3.mp3 */; };
/* End PBXBuildFile section */

/* Begin PBXFileReference section */
		FC119C671BBA6EFA0047E190 /* MediaPlayer.framework */ = {isa = PBXFileReference; lastKnownFileType = wrapper.framework; name = MediaPlayer.framework; path = System/Library/Frameworks/MediaPlayer.framework; sourceTree = SDKROOT; };
		FC33C3CB1BB39B7A00D3818D /* SnowPlayer.app */ = {isa = PBXFileReference; explicitFileType = wrapper.application; includeInIndex = 0; path = SnowPlayer.app; sourceTree = BUILT_PRODUCTS_DIR; };
		FC33C3D01BB39B7A00D3818D /* AppDelegate.swift */ = {isa = PBXFileReference; lastKnownFileType = sourcecode.swift; path = AppDelegate.swift; sourceTree = "<group>"; };
		FC33C3D21BB39B7A00D3818D /* ViewController.swift */ = {isa = PBXFileReference; lastKnownFileType = sourcecode.swift; path = ViewController.swift; sourceTree = "<group>"; };
		FC33C3D51BB39B7A00D3818D /* Base */ = {isa = PBXFileReference; lastKnownFileType = file.storyboard; name = Base; path = Base.lproj/Main.storyboard; sourceTree = "<group>"; };
		FC33C3D71BB39B7B00D3818D /* Images.xcassets */ = {isa = PBXFileReference; lastKnownFileType = folder.assetcatalog; path = Images.xcassets; sourceTree = "<group>"; };
		FC33C3DA1BB39B7B00D3818D /* Base */ = {isa = PBXFileReference; lastKnownFileType = file.xib; name = Base; path = Base.lproj/LaunchScreen.xib; sourceTree = "<group>"; };
		FC33C3F21BB39BA600D3818D /* Info.plist */ = {isa = PBXFileReference; fileEncoding = 4; lastKnownFileType = text.plist.xml; path = Info.plist; sourceTree = "<group>"; };
		FC33C3F31BB39BA600D3818D /* MASCompositeConstraint.h */ = {isa = PBXFileReference; fileEncoding = 4; lastKnownFileType = sourcecode.c.h; path = MASCompositeConstraint.h; sourceTree = "<group>"; };
		FC33C3F41BB39BA600D3818D /* MASCompositeConstraint.m */ = {isa = PBXFileReference; fileEncoding = 4; lastKnownFileType = sourcecode.c.objc; path = MASCompositeConstraint.m; sourceTree = "<group>"; };
		FC33C3F51BB39BA600D3818D /* MASConstraint+Private.h */ = {isa = PBXFileReference; fileEncoding = 4; lastKnownFileType = sourcecode.c.h; path = "MASConstraint+Private.h"; sourceTree = "<group>"; };
		FC33C3F61BB39BA600D3818D /* MASConstraint.h */ = {isa = PBXFileReference; fileEncoding = 4; lastKnownFileType = sourcecode.c.h; path = MASConstraint.h; sourceTree = "<group>"; };
		FC33C3F71BB39BA600D3818D /* MASConstraint.m */ = {isa = PBXFileReference; fileEncoding = 4; lastKnownFileType = sourcecode.c.objc; path = MASConstraint.m; sourceTree = "<group>"; };
		FC33C3F81BB39BA600D3818D /* MASConstraintMaker.h */ = {isa = PBXFileReference; fileEncoding = 4; lastKnownFileType = sourcecode.c.h; path = MASConstraintMaker.h; sourceTree = "<group>"; };
		FC33C3F91BB39BA600D3818D /* MASConstraintMaker.m */ = {isa = PBXFileReference; fileEncoding = 4; lastKnownFileType = sourcecode.c.objc; path = MASConstraintMaker.m; sourceTree = "<group>"; };
		FC33C3FA1BB39BA600D3818D /* MASLayoutConstraint.h */ = {isa = PBXFileReference; fileEncoding = 4; lastKnownFileType = sourcecode.c.h; path = MASLayoutConstraint.h; sourceTree = "<group>"; };
		FC33C3FB1BB39BA600D3818D /* MASLayoutConstraint.m */ = {isa = PBXFileReference; fileEncoding = 4; lastKnownFileType = sourcecode.c.objc; path = MASLayoutConstraint.m; sourceTree = "<group>"; };
		FC33C3FC1BB39BA600D3818D /* Masonry.h */ = {isa = PBXFileReference; fileEncoding = 4; lastKnownFileType = sourcecode.c.h; path = Masonry.h; sourceTree = "<group>"; };
		FC33C3FD1BB39BA600D3818D /* MASUtilities.h */ = {isa = PBXFileReference; fileEncoding = 4; lastKnownFileType = sourcecode.c.h; path = MASUtilities.h; sourceTree = "<group>"; };
		FC33C3FE1BB39BA600D3818D /* MASViewAttribute.h */ = {isa = PBXFileReference; fileEncoding = 4; lastKnownFileType = sourcecode.c.h; path = MASViewAttribute.h; sourceTree = "<group>"; };
		FC33C3FF1BB39BA600D3818D /* MASViewAttribute.m */ = {isa = PBXFileReference; fileEncoding = 4; lastKnownFileType = sourcecode.c.objc; path = MASViewAttribute.m; sourceTree = "<group>"; };
		FC33C4001BB39BA600D3818D /* MASViewConstraint.h */ = {isa = PBXFileReference; fileEncoding = 4; lastKnownFileType = sourcecode.c.h; path = MASViewConstraint.h; sourceTree = "<group>"; };
		FC33C4011BB39BA600D3818D /* MASViewConstraint.m */ = {isa = PBXFileReference; fileEncoding = 4; lastKnownFileType = sourcecode.c.objc; path = MASViewConstraint.m; sourceTree = "<group>"; };
		FC33C4021BB39BA600D3818D /* NSArray+MASAdditions.h */ = {isa = PBXFileReference; fileEncoding = 4; lastKnownFileType = sourcecode.c.h; path = "NSArray+MASAdditions.h"; sourceTree = "<group>"; };
		FC33C4031BB39BA600D3818D /* NSArray+MASAdditions.m */ = {isa = PBXFileReference; fileEncoding = 4; lastKnownFileType = sourcecode.c.objc; path = "NSArray+MASAdditions.m"; sourceTree = "<group>"; };
		FC33C4041BB39BA600D3818D /* NSArray+MASShorthandAdditions.h */ = {isa = PBXFileReference; fileEncoding = 4; lastKnownFileType = sourcecode.c.h; path = "NSArray+MASShorthandAdditions.h"; sourceTree = "<group>"; };
		FC33C4051BB39BA600D3818D /* NSLayoutConstraint+MASDebugAdditions.h */ = {isa = PBXFileReference; fileEncoding = 4; lastKnownFileType = sourcecode.c.h; path = "NSLayoutConstraint+MASDebugAdditions.h"; sourceTree = "<group>"; };
		FC33C4061BB39BA600D3818D /* NSLayoutConstraint+MASDebugAdditions.m */ = {isa = PBXFileReference; fileEncoding = 4; lastKnownFileType = sourcecode.c.objc; path = "NSLayoutConstraint+MASDebugAdditions.m"; sourceTree = "<group>"; };
		FC33C4071BB39BA600D3818D /* View+MASAdditions.h */ = {isa = PBXFileReference; fileEncoding = 4; lastKnownFileType = sourcecode.c.h; path = "View+MASAdditions.h"; sourceTree = "<group>"; };
		FC33C4081BB39BA600D3818D /* View+MASAdditions.m */ = {isa = PBXFileReference; fileEncoding = 4; lastKnownFileType = sourcecode.c.objc; path = "View+MASAdditions.m"; sourceTree = "<group>"; };
		FC33C4091BB39BA600D3818D /* View+MASShorthandAdditions.h */ = {isa = PBXFileReference; fileEncoding = 4; lastKnownFileType = sourcecode.c.h; path = "View+MASShorthandAdditions.h"; sourceTree = "<group>"; };
		FC33C40A1BB39BA600D3818D /* ViewController+MASAdditions.h */ = {isa = PBXFileReference; fileEncoding = 4; lastKnownFileType = sourcecode.c.h; path = "ViewController+MASAdditions.h"; sourceTree = "<group>"; };
		FC33C40B1BB39BA600D3818D /* ViewController+MASAdditions.m */ = {isa = PBXFileReference; fileEncoding = 4; lastKnownFileType = sourcecode.c.objc; path = "ViewController+MASAdditions.m"; sourceTree = "<group>"; };
		FC33C4171BB39BB100D3818D /* song2.mp3 */ = {isa = PBXFileReference; lastKnownFileType = audio.mp3; path = song2.mp3; sourceTree = "<group>"; };
		FC33C4191BB39D2C00D3818D /* SnowImageView.swift */ = {isa = PBXFileReference; fileEncoding = 4; lastKnownFileType = sourcecode.swift; path = SnowImageView.swift; sourceTree = "<group>"; };
		FC432E1C1BBA3B2F0077F0EC /* song1.mp3 */ = {isa = PBXFileReference; lastKnownFileType = audio.mp3; path = song1.mp3; sourceTree = "<group>"; };
		FC432E1E1BBA3B360077F0EC /* song3.mp3 */ = {isa = PBXFileReference; lastKnownFileType = audio.mp3; path = song3.mp3; sourceTree = "<group>"; };
		FC6961161BE2FC74009B76B0 /* Info.plist */ = {isa = PBXFileReference; fileEncoding = 4; lastKnownFileType = text.plist.xml; path = Info.plist; sourceTree = "<group>"; };
/* End PBXFileReference section */

/* Begin PBXFrameworksBuildPhase section */
		FC33C3C81BB39B7A00D3818D /* Frameworks */ = {
			isa = PBXFrameworksBuildPhase;
			buildActionMask = 2147483647;
			files = (
				FC119C681BBA6EFA0047E190 /* MediaPlayer.framework in Frameworks */,
			);
			runOnlyForDeploymentPostprocessing = 0;
		};
/* End PBXFrameworksBuildPhase section */

/* Begin PBXGroup section */
		FC33C3C21BB39B7A00D3818D = {
			isa = PBXGroup;
			children = (
				FC119C671BBA6EFA0047E190 /* MediaPlayer.framework */,
				FC33C3CD1BB39B7A00D3818D /* SnowPlayer */,
				FC33C3CC1BB39B7A00D3818D /* Products */,
			);
			sourceTree = "<group>";
		};
		FC33C3CC1BB39B7A00D3818D /* Products */ = {
			isa = PBXGroup;
			children = (
				FC33C3CB1BB39B7A00D3818D /* SnowPlayer.app */,
			);
			name = Products;
			sourceTree = "<group>";
		};
		FC33C3CD1BB39B7A00D3818D /* SnowPlayer */ = {
			isa = PBXGroup;
			children = (
				FC33C3F11BB39BA600D3818D /* Masonry */,
				FC33C3F01BB39B9C00D3818D /* Resource */,
				FC33C3D01BB39B7A00D3818D /* AppDelegate.swift */,
				FC33C3D21BB39B7A00D3818D /* ViewController.swift */,
				FC33C4191BB39D2C00D3818D /* SnowImageView.swift */,
				FC33C3D41BB39B7A00D3818D /* Main.storyboard */,
				FC33C3D71BB39B7B00D3818D /* Images.xcassets */,
				FC33C3D91BB39B7B00D3818D /* LaunchScreen.xib */,
				FC33C3CE1BB39B7A00D3818D /* Supporting Files */,
			);
			path = SnowPlayer;
			sourceTree = "<group>";
		};
		FC33C3CE1BB39B7A00D3818D /* Supporting Files */ = {
			isa = PBXGroup;
			children = (
				FC6961161BE2FC74009B76B0 /* Info.plist */,
			);
			name = "Supporting Files";
			sourceTree = "<group>";
		};
		FC33C3F01BB39B9C00D3818D /* Resource */ = {
			isa = PBXGroup;
			children = (
				FC432E1C1BBA3B2F0077F0EC /* song1.mp3 */,
				FC33C4171BB39BB100D3818D /* song2.mp3 */,
				FC432E1E1BBA3B360077F0EC /* song3.mp3 */,
			);
			path = Resource;
			sourceTree = "<group>";
		};
		FC33C3F11BB39BA600D3818D /* Masonry */ = {
			isa = PBXGroup;
			children = (
				FC33C3F21BB39BA600D3818D /* Info.plist */,
				FC33C3F31BB39BA600D3818D /* MASCompositeConstraint.h */,
				FC33C3F41BB39BA600D3818D /* MASCompositeConstraint.m */,
				FC33C3F51BB39BA600D3818D /* MASConstraint+Private.h */,
				FC33C3F61BB39BA600D3818D /* MASConstraint.h */,
				FC33C3F71BB39BA600D3818D /* MASConstraint.m */,
				FC33C3F81BB39BA600D3818D /* MASConstraintMaker.h */,
				FC33C3F91BB39BA600D3818D /* MASConstraintMaker.m */,
				FC33C3FA1BB39BA600D3818D /* MASLayoutConstraint.h */,
				FC33C3FB1BB39BA600D3818D /* MASLayoutConstraint.m */,
				FC33C3FC1BB39BA600D3818D /* Masonry.h */,
				FC33C3FD1BB39BA600D3818D /* MASUtilities.h */,
				FC33C3FE1BB39BA600D3818D /* MASViewAttribute.h */,
				FC33C3FF1BB39BA600D3818D /* MASViewAttribute.m */,
				FC33C4001BB39BA600D3818D /* MASViewConstraint.h */,
				FC33C4011BB39BA600D3818D /* MASViewConstraint.m */,
				FC33C4021BB39BA600D3818D /* NSArray+MASAdditions.h */,
				FC33C4031BB39BA600D3818D /* NSArray+MASAdditions.m */,
				FC33C4041BB39BA600D3818D /* NSArray+MASShorthandAdditions.h */,
				FC33C4051BB39BA600D3818D /* NSLayoutConstraint+MASDebugAdditions.h */,
				FC33C4061BB39BA600D3818D /* NSLayoutConstraint+MASDebugAdditions.m */,
				FC33C4071BB39BA600D3818D /* View+MASAdditions.h */,
				FC33C4081BB39BA600D3818D /* View+MASAdditions.m */,
				FC33C4091BB39BA600D3818D /* View+MASShorthandAdditions.h */,
				FC33C40A1BB39BA600D3818D /* ViewController+MASAdditions.h */,
				FC33C40B1BB39BA600D3818D /* ViewController+MASAdditions.m */,
			);
			path = Masonry;
			sourceTree = "<group>";
		};
/* End PBXGroup section */

/* Begin PBXNativeTarget section */
		FC33C3CA1BB39B7A00D3818D /* SnowPlayer */ = {
			isa = PBXNativeTarget;
			buildConfigurationList = FC33C3EA1BB39B7B00D3818D /* Build configuration list for PBXNativeTarget "SnowPlayer" */;
			buildPhases = (
				FC33C3C71BB39B7A00D3818D /* Sources */,
				FC33C3C81BB39B7A00D3818D /* Frameworks */,
				FC33C3C91BB39B7A00D3818D /* Resources */,
			);
			buildRules = (
			);
			dependencies = (
			);
			name = SnowPlayer;
			productName = SnowPlayer;
			productReference = FC33C3CB1BB39B7A00D3818D /* SnowPlayer.app */;
			productType = "com.apple.product-type.application";
		};
/* End PBXNativeTarget section */

/* Begin PBXProject section */
		FC33C3C31BB39B7A00D3818D /* Project object */ = {
			isa = PBXProject;
			attributes = {
				LastSwiftMigration = 0700;
				LastSwiftUpdateCheck = 0700;
				LastUpgradeCheck = 0710;
				ORGANIZATIONNAME = "刘瑞龙";
				TargetAttributes = {
					FC33C3CA1BB39B7A00D3818D = {
						CreatedOnToolsVersion = 6.4;
					};
				};
			};
			buildConfigurationList = FC33C3C61BB39B7A00D3818D /* Build configuration list for PBXProject "SnowPlayer" */;
			compatibilityVersion = "Xcode 3.2";
			developmentRegion = English;
			hasScannedForEncodings = 0;
			knownRegions = (
				en,
				Base,
			);
			mainGroup = FC33C3C21BB39B7A00D3818D;
			productRefGroup = FC33C3CC1BB39B7A00D3818D /* Products */;
			projectDirPath = "";
			projectRoot = "";
			targets = (
				FC33C3CA1BB39B7A00D3818D /* SnowPlayer */,
			);
		};
/* End PBXProject section */

/* Begin PBXResourcesBuildPhase section */
		FC33C3C91BB39B7A00D3818D /* Resources */ = {
			isa = PBXResourcesBuildPhase;
			buildActionMask = 2147483647;
			files = (
				FC33C40C1BB39BA600D3818D /* Info.plist in Resources */,
				FC432E1F1BBA3B360077F0EC /* song3.mp3 in Resources */,
				FC432E1D1BBA3B2F0077F0EC /* song1.mp3 in Resources */,
				FC33C3D61BB39B7A00D3818D /* Main.storyboard in Resources */,
				FC33C4181BB39BB100D3818D /* song2.mp3 in Resources */,
				FC33C3DB1BB39B7B00D3818D /* LaunchScreen.xib in Resources */,
				FC33C3D81BB39B7B00D3818D /* Images.xcassets in Resources */,
			);
			runOnlyForDeploymentPostprocessing = 0;
		};
/* End PBXResourcesBuildPhase section */

/* Begin PBXSourcesBuildPhase section */
		FC33C3C71BB39B7A00D3818D /* Sources */ = {
			isa = PBXSourcesBuildPhase;
			buildActionMask = 2147483647;
			files = (
				FC33C40E1BB39BA600D3818D /* MASConstraint.m in Sources */,
				FC33C41A1BB39D2C00D3818D /* SnowImageView.swift in Sources */,
				FC33C4111BB39BA600D3818D /* MASViewAttribute.m in Sources */,
				FC33C4161BB39BA600D3818D /* ViewController+MASAdditions.m in Sources */,
				FC33C40F1BB39BA600D3818D /* MASConstraintMaker.m in Sources */,
				FC33C4141BB39BA600D3818D /* NSLayoutConstraint+MASDebugAdditions.m in Sources */,
				FC33C3D31BB39B7A00D3818D /* ViewController.swift in Sources */,
				FC33C40D1BB39BA600D3818D /* MASCompositeConstraint.m in Sources */,
				FC33C4151BB39BA600D3818D /* View+MASAdditions.m in Sources */,
				FC33C4131BB39BA600D3818D /* NSArray+MASAdditions.m in Sources */,
				FC33C4101BB39BA600D3818D /* MASLayoutConstraint.m in Sources */,
				FC33C3D11BB39B7A00D3818D /* AppDelegate.swift in Sources */,
				FC33C4121BB39BA600D3818D /* MASViewConstraint.m in Sources */,
			);
			runOnlyForDeploymentPostprocessing = 0;
		};
/* End PBXSourcesBuildPhase section */

/* Begin PBXVariantGroup section */
		FC33C3D41BB39B7A00D3818D /* Main.storyboard */ = {
			isa = PBXVariantGroup;
			children = (
				FC33C3D51BB39B7A00D3818D /* Base */,
			);
			name = Main.storyboard;
			sourceTree = "<group>";
		};
		FC33C3D91BB39B7B00D3818D /* LaunchScreen.xib */ = {
			isa = PBXVariantGroup;
			children = (
				FC33C3DA1BB39B7B00D3818D /* Base */,
			);
			name = LaunchScreen.xib;
			sourceTree = "<group>";
		};
/* End PBXVariantGroup section */

/* Begin XCBuildConfiguration section */
		FC33C3E81BB39B7B00D3818D /* Debug */ = {
			isa = XCBuildConfiguration;
			buildSettings = {
				ALWAYS_SEARCH_USER_PATHS = NO;
				CLANG_CXX_LANGUAGE_STANDARD = "gnu++0x";
				CLANG_CXX_LIBRARY = "libc++";
				CLANG_ENABLE_MODULES = YES;
				CLANG_ENABLE_OBJC_ARC = YES;
				CLANG_WARN_BOOL_CONVERSION = YES;
				CLANG_WARN_CONSTANT_CONVERSION = YES;
				CLANG_WARN_DIRECT_OBJC_ISA_USAGE = YES_ERROR;
				CLANG_WARN_EMPTY_BODY = YES;
				CLANG_WARN_ENUM_CONVERSION = YES;
				CLANG_WARN_INT_CONVERSION = YES;
				CLANG_WARN_OBJC_ROOT_CLASS = YES_ERROR;
				CLANG_WARN_UNREACHABLE_CODE = YES;
				CLANG_WARN__DUPLICATE_METHOD_MATCH = YES;
				"CODE_SIGN_IDENTITY[sdk=iphoneos*]" = "iPhone Developer";
				COPY_PHASE_STRIP = NO;
				DEBUG_INFORMATION_FORMAT = "dwarf-with-dsym";
				ENABLE_STRICT_OBJC_MSGSEND = YES;
				ENABLE_TESTABILITY = YES;
				GCC_C_LANGUAGE_STANDARD = gnu99;
				GCC_DYNAMIC_NO_PIC = NO;
				GCC_NO_COMMON_BLOCKS = YES;
				GCC_OPTIMIZATION_LEVEL = 0;
				GCC_PREPROCESSOR_DEFINITIONS = (
					"DEBUG=1",
					"$(inherited)",
				);
				GCC_SYMBOLS_PRIVATE_EXTERN = NO;
				GCC_WARN_64_TO_32_BIT_CONVERSION = YES;
				GCC_WARN_ABOUT_RETURN_TYPE = YES_ERROR;
				GCC_WARN_UNDECLARED_SELECTOR = YES;
				GCC_WARN_UNINITIALIZED_AUTOS = YES_AGGRESSIVE;
				GCC_WARN_UNUSED_FUNCTION = YES;
				GCC_WARN_UNUSED_VARIABLE = YES;
				IPHONEOS_DEPLOYMENT_TARGET = 8.4;
				MTL_ENABLE_DEBUG_INFO = YES;
				ONLY_ACTIVE_ARCH = YES;
				SDKROOT = iphoneos;
				SWIFT_OPTIMIZATION_LEVEL = "-Onone";
				TARGETED_DEVICE_FAMILY = "1,2";
			};
			name = Debug;
		};
		FC33C3E91BB39B7B00D3818D /* Release */ = {
			isa = XCBuildConfiguration;
			buildSettings = {
				ALWAYS_SEARCH_USER_PATHS = NO;
				CLANG_CXX_LANGUAGE_STANDARD = "gnu++0x";
				CLANG_CXX_LIBRARY = "libc++";
				CLANG_ENABLE_MODULES = YES;
				CLANG_ENABLE_OBJC_ARC = YES;
				CLANG_WARN_BOOL_CONVERSION = YES;
				CLANG_WARN_CONSTANT_CONVERSION = YES;
				CLANG_WARN_DIRECT_OBJC_ISA_USAGE = YES_ERROR;
				CLANG_WARN_EMPTY_BODY = YES;
				CLANG_WARN_ENUM_CONVERSION = YES;
				CLANG_WARN_INT_CONVERSION = YES;
				CLANG_WARN_OBJC_ROOT_CLASS = YES_ERROR;
				CLANG_WARN_UNREACHABLE_CODE = YES;
				CLANG_WARN__DUPLICATE_METHOD_MATCH = YES;
				"CODE_SIGN_IDENTITY[sdk=iphoneos*]" = "iPhone Developer";
				COPY_PHASE_STRIP = NO;
				DEBUG_INFORMATION_FORMAT = "dwarf-with-dsym";
				ENABLE_NS_ASSERTIONS = NO;
				ENABLE_STRICT_OBJC_MSGSEND = YES;
				GCC_C_LANGUAGE_STANDARD = gnu99;
				GCC_NO_COMMON_BLOCKS = YES;
				GCC_WARN_64_TO_32_BIT_CONVERSION = YES;
				GCC_WARN_ABOUT_RETURN_TYPE = YES_ERROR;
				GCC_WARN_UNDECLARED_SELECTOR = YES;
				GCC_WARN_UNINITIALIZED_AUTOS = YES_AGGRESSIVE;
				GCC_WARN_UNUSED_FUNCTION = YES;
				GCC_WARN_UNUSED_VARIABLE = YES;
				IPHONEOS_DEPLOYMENT_TARGET = 8.4;
				MTL_ENABLE_DEBUG_INFO = NO;
				SDKROOT = iphoneos;
				TARGETED_DEVICE_FAMILY = "1,2";
				VALIDATE_PRODUCT = YES;
			};
			name = Release;
		};
		FC33C3EB1BB39B7B00D3818D /* Debug */ = {
			isa = XCBuildConfiguration;
			buildSettings = {
				ASSETCATALOG_COMPILER_APPICON_NAME = AppIcon;
				INFOPLIST_FILE = SnowPlayer/Info.plist;
				IPHONEOS_DEPLOYMENT_TARGET = 8.0;
				LD_RUNPATH_SEARCH_PATHS = "$(inherited) @executable_path/Frameworks";
				PRODUCT_BUNDLE_IDENTIFIER = "V1.$(PRODUCT_NAME:rfc1034identifier)";
				PRODUCT_NAME = "$(TARGET_NAME)";
			};
			name = Debug;
		};
		FC33C3EC1BB39B7B00D3818D /* Release */ = {
			isa = XCBuildConfiguration;
			buildSettings = {
				ASSETCATALOG_COMPILER_APPICON_NAME = AppIcon;
				INFOPLIST_FILE = SnowPlayer/Info.plist;
				IPHONEOS_DEPLOYMENT_TARGET = 8.0;
				LD_RUNPATH_SEARCH_PATHS = "$(inherited) @executable_path/Frameworks";
				PRODUCT_BUNDLE_IDENTIFIER = "V1.$(PRODUCT_NAME:rfc1034identifier)";
				PRODUCT_NAME = "$(TARGET_NAME)";
			};
			name = Release;
		};
/* End XCBuildConfiguration section */

/* Begin XCConfigurationList section */
		FC33C3C61BB39B7A00D3818D /* Build configuration list for PBXProject "SnowPlayer" */ = {
			isa = XCConfigurationList;
			buildConfigurations = (
				FC33C3E81BB39B7B00D3818D /* Debug */,
				FC33C3E91BB39B7B00D3818D /* Release */,
			);
			defaultConfigurationIsVisible = 0;
			defaultConfigurationName = Release;
		};
		FC33C3EA1BB39B7B00D3818D /* Build configuration list for PBXNativeTarget "SnowPlayer" */ = {
			isa = XCConfigurationList;
			buildConfigurations = (
				FC33C3EB1BB39B7B00D3818D /* Debug */,
				FC33C3EC1BB39B7B00D3818D /* Release */,
			);
			defaultConfigurationIsVisible = 0;
			defaultConfigurationName = Release;
		};
/* End XCConfigurationList section */
	};
	rootObject = FC33C3C31BB39B7A00D3818D /* Project object */;
}
